# This file was autogenerated by Stack.
# You should not edit this file by hand.
# For more information, please see the documentation at:
#   https://docs.haskellstack.org/en/stable/lock_files

packages:
- completed:
    hackage: ghcid-0.7.5@sha256:b0c8407a6ad246c7c672c8f7ba4ca8f89efb0abadc181153d354ea44d5d861b4,3498
    pantry-tree:
      size: 1148
      sha256: f1d5c3968811304c5070aa2e99282549b89e4dc621509467938507e4846148fc
  original:
    hackage: ghcid-0.7.5
snapshots:
- completed:
    size: 491155
    url: https://raw.githubusercontent.com/commercialhaskell/stackage-snapshots/master/lts/13/0.yaml
    sha256: 8d3c33e0feab8e04b9ed31452e0219a2b827ed1338c809f79d986c71a177e6ba
  original: lts-13.0
